
Microsoft Visual Studio Solution File, Format Version 12.00
# Visual Studio 15
VisualStudioVersion = 15.0.26430.16
MinimumVisualStudioVersion = 10.0.40219.1
Project("{FAE04EC0-301F-11D3-BF4B-00C04F79EFBC}") = "Sift.Server", "Sift.Server\Sift.Server.csproj", "{DBC0C5CD-6BA3-4631-8591-1CDE79B4E50E}"
EndProject
Project("{FAE04EC0-301F-11D3-BF4B-00C04F79EFBC}") = "Sift.Client", "Sift.Client\Sift.Client.csproj", "{758E43AD-B131-4E92-A266-7335ABD366A4}"
EndProject
Project("{FAE04EC0-301F-11D3-BF4B-00C04F79EFBC}") = "Sift.Common", "Sift.Common\Sift.Common.csproj", "{C437BB61-0AB4-48A5-A124-D859B078521C}"
EndProject
Global
	GlobalSection(SolutionConfigurationPlatforms) = preSolution
		Debug|x64 = Debug|x64
		Release|x64 = Release|x64
	EndGlobalSection
	GlobalSection(ProjectConfigurationPlatforms) = postSolution
		{DBC0C5CD-6BA3-4631-8591-1CDE79B4E50E}.Debug|x64.ActiveCfg = Debug|x64
		{DBC0C5CD-6BA3-4631-8591-1CDE79B4E50E}.Debug|x64.Build.0 = Debug|x64
		{DBC0C5CD-6BA3-4631-8591-1CDE79B4E50E}.Release|x64.ActiveCfg = Release|x64
		{DBC0C5CD-6BA3-4631-8591-1CDE79B4E50E}.Release|x64.Build.0 = Release|x64
		{758E43AD-B131-4E92-A266-7335ABD366A4}.Debug|x64.ActiveCfg = Debug|x64
		{758E43AD-B131-4E92-A266-7335ABD366A4}.Debug|x64.Build.0 = Debug|x64
		{758E43AD-B131-4E92-A266-7335ABD366A4}.Release|x64.ActiveCfg = Release|x64
		{758E43AD-B131-4E92-A266-7335ABD366A4}.Release|x64.Build.0 = Release|x64
		{C437BB61-0AB4-48A5-A124-D859B078521C}.Debug|x64.ActiveCfg = Debug|x64
		{C437BB61-0AB4-48A5-A124-D859B078521C}.Debug|x64.Build.0 = Debug|x64
		{C437BB61-0AB4-48A5-A124-D859B078521C}.Release|x64.ActiveCfg = Release|x64
		{C437BB61-0AB4-48A5-A124-D859B078521C}.Release|x64.Build.0 = Release|x64
	EndGlobalSection
	GlobalSection(SolutionProperties) = preSolution
		HideSolutionNode = FALSE
	EndGlobalSection
EndGlobal
